
Microsoft Visual Studio Solution File, Format Version 12.00
# Visual Studio 15
VisualStudioVersion = 15.0.28307.572
MinimumVisualStudioVersion = 10.0.40219.1
Project("{FAE04EC0-301F-11D3-BF4B-00C04F79EFBC}") = "Project", "Project\Project.csproj", "{06ECB76D-4114-4D24-8E35-3F80F2AFEB0F}"
EndProject
Project("{FAE04EC0-301F-11D3-BF4B-00C04F79EFBC}") = "Project.Tests", "Project.Tests\Project.Tests.csproj", "{D04E4179-AED9-49EA-A3C6-934C3E91E7F0}"
EndProject
Global
	GlobalSection(SolutionConfigurationPlatforms) = preSolution
		Debug|Any CPU = Debug|Any CPU
		Release|Any CPU = Release|Any CPU
	EndGlobalSection
	GlobalSection(ProjectConfigurationPlatforms) = postSolution
		{06ECB76D-4114-4D24-8E35-3F80F2AFEB0F}.Debug|Any CPU.ActiveCfg = Debug|Any CPU
		{06ECB76D-4114-4D24-8E35-3F80F2AFEB0F}.Debug|Any CPU.Build.0 = Debug|Any CPU
		{06ECB76D-4114-4D24-8E35-3F80F2AFEB0F}.Release|Any CPU.ActiveCfg = Release|Any CPU
		{06ECB76D-4114-4D24-8E35-3F80F2AFEB0F}.Release|Any CPU.Build.0 = Release|Any CPU
		{D04E4179-AED9-49EA-A3C6-934C3E91E7F0}.Debug|Any CPU.ActiveCfg = Debug|Any CPU
		{D04E4179-AED9-49EA-A3C6-934C3E91E7F0}.Debug|Any CPU.Build.0 = Debug|Any CPU
		{D04E4179-AED9-49EA-A3C6-934C3E91E7F0}.Release|Any CPU.ActiveCfg = Release|Any CPU
		{D04E4179-AED9-49EA-A3C6-934C3E91E7F0}.Release|Any CPU.Build.0 = Release|Any CPU
	EndGlobalSection
	GlobalSection(SolutionProperties) = preSolution
		HideSolutionNode = FALSE
	EndGlobalSection
	GlobalSection(ExtensibilityGlobals) = postSolution
		SolutionGuid = {BC9B2F40-F3BB-468E-88AE-35382700EF06}
	EndGlobalSection
EndGlobal
